
Microsoft Visual Studio Solution File, Format Version 12.00
# Visual Studio Version 17
VisualStudioVersion = 17.11.35222.181
MinimumVisualStudioVersion = 10.0.40219.1
Project("{FAE04EC0-301F-11D3-BF4B-00C04F79EFBC}") = "QrCodeGeneratorWebAppMVC", "QrCodeGeneratorWebAppMVC.csproj", "{2B10FEF5-DDBA-48E7-8FA4-ECC1306689B5}"
EndProject
Global
	GlobalSection(SolutionConfigurationPlatforms) = preSolution
		Debug|Any CPU = Debug|Any CPU
		Release|Any CPU = Release|Any CPU
	EndGlobalSection
	GlobalSection(ProjectConfigurationPlatforms) = postSolution
		{2B10FEF5-DDBA-48E7-8FA4-ECC1306689B5}.Debug|Any CPU.ActiveCfg = Debug|Any CPU
		{2B10FEF5-DDBA-48E7-8FA4-ECC1306689B5}.Debug|Any CPU.Build.0 = Debug|Any CPU
		{2B10FEF5-DDBA-48E7-8FA4-ECC1306689B5}.Release|Any CPU.ActiveCfg = Release|Any CPU
		{2B10FEF5-DDBA-48E7-8FA4-ECC1306689B5}.Release|Any CPU.Build.0 = Release|Any CPU
	EndGlobalSection
	GlobalSection(SolutionProperties) = preSolution
		HideSolutionNode = FALSE
	EndGlobalSection
	GlobalSection(ExtensibilityGlobals) = postSolution
		SolutionGuid = {76B6A2AA-29AA-428B-A3E0-E43B63588087}
	EndGlobalSection
EndGlobal
